
Microsoft Visual Studio Solution File, Format Version 12.00
# Visual Studio 15
VisualStudioVersion = 15.0.28307.329
MinimumVisualStudioVersion = 10.0.40219.1
Project("{9A19103F-16F7-4668-BE54-9A1E7A4F7556}") = "NullafiSDKExamples", "NullafiSDKExamples\NullafiSDKExamples.csproj", "{8926FD27-DA22-4525-A151-959A89F309D1}"
EndProject
Global
	GlobalSection(SolutionConfigurationPlatforms) = preSolution
		Debug|Any CPU = Debug|Any CPU
		Release|Any CPU = Release|Any CPU
	EndGlobalSection
	GlobalSection(ProjectConfigurationPlatforms) = postSolution
		{8926FD27-DA22-4525-A151-959A89F309D1}.Debug|Any CPU.ActiveCfg = Debug|Any CPU
		{8926FD27-DA22-4525-A151-959A89F309D1}.Debug|Any CPU.Build.0 = Debug|Any CPU
		{8926FD27-DA22-4525-A151-959A89F309D1}.Release|Any CPU.ActiveCfg = Release|Any CPU
		{8926FD27-DA22-4525-A151-959A89F309D1}.Release|Any CPU.Build.0 = Release|Any CPU
	EndGlobalSection
	GlobalSection(SolutionProperties) = preSolution
		HideSolutionNode = FALSE
	EndGlobalSection
	GlobalSection(ExtensibilityGlobals) = postSolution
		SolutionGuid = {9685AA9C-CE42-40D1-A5AA-E7E6A812A252}
	EndGlobalSection
EndGlobal
